
Microsoft Visual Studio Solution File, Format Version 12.00
# Visual Studio Version 17
VisualStudioVersion = 17.7.34202.233
MinimumVisualStudioVersion = 10.0.40219.1
Project("{FAE04EC0-301F-11D3-BF4B-00C04F79EFBC}") = "Practica 17 vs", "Practica 17 vs\Practica 17 vs.csproj", "{0102EFAB-72BE-426C-9173-577DA94BDC6B}"
EndProject
Global
	GlobalSection(SolutionConfigurationPlatforms) = preSolution
		Debug|Any CPU = Debug|Any CPU
		Release|Any CPU = Release|Any CPU
	EndGlobalSection
	GlobalSection(ProjectConfigurationPlatforms) = postSolution
		{0102EFAB-72BE-426C-9173-577DA94BDC6B}.Debug|Any CPU.ActiveCfg = Debug|Any CPU
		{0102EFAB-72BE-426C-9173-577DA94BDC6B}.Debug|Any CPU.Build.0 = Debug|Any CPU
		{0102EFAB-72BE-426C-9173-577DA94BDC6B}.Release|Any CPU.ActiveCfg = Release|Any CPU
		{0102EFAB-72BE-426C-9173-577DA94BDC6B}.Release|Any CPU.Build.0 = Release|Any CPU
	EndGlobalSection
	GlobalSection(SolutionProperties) = preSolution
		HideSolutionNode = FALSE
	EndGlobalSection
	GlobalSection(ExtensibilityGlobals) = postSolution
		SolutionGuid = {62F9392B-5A04-4BA6-963F-E8059920AE5B}
	EndGlobalSection
EndGlobal
